
Microsoft Visual Studio Solution File, Format Version 12.00
# Visual Studio Version 17
VisualStudioVersion = 17.0.31919.166
MinimumVisualStudioVersion = 10.0.40219.1
Project("{9A19103F-16F7-4668-BE54-9A1E7A4F7556}") = "WarpLib", "WarpLib\WarpLib.csproj", "{D0BF72B0-C09D-402C-AB97-13C479D17D53}"
EndProject
Project("{778DAE3C-4631-46EA-AA77-85C1314464D9}") = "ImageWarp", "ImageWarp\ImageWarp.vbproj", "{F3634234-EDEB-4A0E-91CB-210079B33B1A}"
EndProject
Project("{9A19103F-16F7-4668-BE54-9A1E7A4F7556}") = "ImgConvertCmd", "ImgConvertCmd\ImgConvertCmd.csproj", "{2A22F3E1-5625-474D-9E54-643D62D03855}"
EndProject
Project("{778DAE3C-4631-46EA-AA77-85C1314464D9}") = "TexPatcher", "TexPatcher\TexPatcher.vbproj", "{38037A40-2E6E-4A86-81DC-53C1E449EE66}"
EndProject
Project("{FAE04EC0-301F-11D3-BF4B-00C04F79EFBC}") = "XmhShellExtensions", "XmhShellExtensions\XmhShellExtensions.csproj", "{C5E73A20-E54D-4354-9CCF-35BCA509D258}"
EndProject
Project("{778DAE3C-4631-46EA-AA77-85C1314464D9}") = "XmhShellExtensionsInstaller", "XmhShellExtensionsInstaller\XmhShellExtensionsInstaller.vbproj", "{FB1BBD45-2AAD-4058-8366-2AD21C20CA97}"
	ProjectSection(ProjectDependencies) = postProject
		{C5E73A20-E54D-4354-9CCF-35BCA509D258} = {C5E73A20-E54D-4354-9CCF-35BCA509D258}
	EndProjectSection
EndProject
Project("{FAE04EC0-301F-11D3-BF4B-00C04F79EFBC}") = "XmhRegHelper", "XMadHackRegistry\XmhRegHelper.csproj", "{CEBCB785-D316-4AD9-B629-3158B8AB56BB}"
EndProject
Project("{2150E333-8FDC-42A3-9474-1A3956D46DE8}") = "Solution Items", "Solution Items", "{A5955FE1-91EB-41EA-9265-29996C39C513}"
	ProjectSection(SolutionItems) = preProject
		.editorconfig = .editorconfig
	EndProjectSection
EndProject
Project("{FAE04EC0-301F-11D3-BF4B-00C04F79EFBC}") = "LiteView", "LiteViewGL\LiteView.csproj", "{08E559FC-FC3F-470F-BB67-BAC96A6EB904}"
	ProjectSection(ProjectDependencies) = postProject
		{CEBCB785-D316-4AD9-B629-3158B8AB56BB} = {CEBCB785-D316-4AD9-B629-3158B8AB56BB}
		{2A22F3E1-5625-474D-9E54-643D62D03855} = {2A22F3E1-5625-474D-9E54-643D62D03855}
	EndProjectSection
EndProject
Project("{8BC9CEB8-8B4A-11D0-8D11-00A0C91BC942}") = "TexMemWrapper", "TexMemWrapper\TexMemWrapper.vcxproj", "{666123C7-1E50-4EE5-9654-E282C24B954F}"
EndProject
Project("{8BC9CEB8-8B4A-11D0-8D11-00A0C91BC942}") = "DirectXTex", "DirectXTex\DirectXTex_Desktop_2022_Win10.vcxproj", "{371B9FA9-4C90-4AC6-A123-ACED756D6C77}"
EndProject
Project("{8BC9CEB8-8B4A-11D0-8D11-00A0C91BC942}") = "Common", "Common\Common.vcxproj", "{81414CEB-74EA-4324-B841-E261AAFE2492}"
EndProject
Global
	GlobalSection(SolutionConfigurationPlatforms) = preSolution
		Debug|ARM64 = Debug|ARM64
		Debug|x64 = Debug|x64
		Debug|x86 = Debug|x86
		Profile|ARM64 = Profile|ARM64
		Profile|x64 = Profile|x64
		Profile|x86 = Profile|x86
		Release|ARM64 = Release|ARM64
		Release|x64 = Release|x64
		Release|x86 = Release|x86
	EndGlobalSection
	GlobalSection(ProjectConfigurationPlatforms) = postSolution
		{D0BF72B0-C09D-402C-AB97-13C479D17D53}.Debug|ARM64.ActiveCfg = Debug|x64
		{D0BF72B0-C09D-402C-AB97-13C479D17D53}.Debug|ARM64.Build.0 = Debug|x64
		{D0BF72B0-C09D-402C-AB97-13C479D17D53}.Debug|x64.ActiveCfg = Debug|x64
		{D0BF72B0-C09D-402C-AB97-13C479D17D53}.Debug|x64.Build.0 = Debug|x64
		{D0BF72B0-C09D-402C-AB97-13C479D17D53}.Debug|x86.ActiveCfg = Debug|x64
		{D0BF72B0-C09D-402C-AB97-13C479D17D53}.Debug|x86.Build.0 = Debug|x64
		{D0BF72B0-C09D-402C-AB97-13C479D17D53}.Profile|ARM64.ActiveCfg = Release|x64
		{D0BF72B0-C09D-402C-AB97-13C479D17D53}.Profile|ARM64.Build.0 = Release|x64
		{D0BF72B0-C09D-402C-AB97-13C479D17D53}.Profile|x64.ActiveCfg = Release|x64
		{D0BF72B0-C09D-402C-AB97-13C479D17D53}.Profile|x64.Build.0 = Release|x64
		{D0BF72B0-C09D-402C-AB97-13C479D17D53}.Profile|x86.ActiveCfg = Release|x64
		{D0BF72B0-C09D-402C-AB97-13C479D17D53}.Profile|x86.Build.0 = Release|x64
		{D0BF72B0-C09D-402C-AB97-13C479D17D53}.Release|ARM64.ActiveCfg = Release|x64
		{D0BF72B0-C09D-402C-AB97-13C479D17D53}.Release|ARM64.Build.0 = Release|x64
		{D0BF72B0-C09D-402C-AB97-13C479D17D53}.Release|x64.ActiveCfg = Release|x64
		{D0BF72B0-C09D-402C-AB97-13C479D17D53}.Release|x64.Build.0 = Release|x64
		{D0BF72B0-C09D-402C-AB97-13C479D17D53}.Release|x86.ActiveCfg = Release|x64
		{D0BF72B0-C09D-402C-AB97-13C479D17D53}.Release|x86.Build.0 = Release|x64
		{F3634234-EDEB-4A0E-91CB-210079B33B1A}.Debug|ARM64.ActiveCfg = Debug|x64
		{F3634234-EDEB-4A0E-91CB-210079B33B1A}.Debug|ARM64.Build.0 = Debug|x64
		{F3634234-EDEB-4A0E-91CB-210079B33B1A}.Debug|x64.ActiveCfg = Debug|x64
		{F3634234-EDEB-4A0E-91CB-210079B33B1A}.Debug|x64.Build.0 = Debug|x64
		{F3634234-EDEB-4A0E-91CB-210079B33B1A}.Debug|x86.ActiveCfg = Debug|x64
		{F3634234-EDEB-4A0E-91CB-210079B33B1A}.Debug|x86.Build.0 = Debug|x64
		{F3634234-EDEB-4A0E-91CB-210079B33B1A}.Profile|ARM64.ActiveCfg = Release|x64
		{F3634234-EDEB-4A0E-91CB-210079B33B1A}.Profile|ARM64.Build.0 = Release|x64
		{F3634234-EDEB-4A0E-91CB-210079B33B1A}.Profile|x64.ActiveCfg = Release|x64
		{F3634234-EDEB-4A0E-91CB-210079B33B1A}.Profile|x64.Build.0 = Release|x64
		{F3634234-EDEB-4A0E-91CB-210079B33B1A}.Profile|x86.ActiveCfg = Release|x64
		{F3634234-EDEB-4A0E-91CB-210079B33B1A}.Profile|x86.Build.0 = Release|x64
		{F3634234-EDEB-4A0E-91CB-210079B33B1A}.Release|ARM64.ActiveCfg = Release|x64
		{F3634234-EDEB-4A0E-91CB-210079B33B1A}.Release|ARM64.Build.0 = Release|x64
		{F3634234-EDEB-4A0E-91CB-210079B33B1A}.Release|x64.ActiveCfg = Release|x64
		{F3634234-EDEB-4A0E-91CB-210079B33B1A}.Release|x64.Build.0 = Release|x64
		{F3634234-EDEB-4A0E-91CB-210079B33B1A}.Release|x86.ActiveCfg = Release|x64
		{F3634234-EDEB-4A0E-91CB-210079B33B1A}.Release|x86.Build.0 = Release|x64
		{2A22F3E1-5625-474D-9E54-643D62D03855}.Debug|ARM64.ActiveCfg = Debug|x64
		{2A22F3E1-5625-474D-9E54-643D62D03855}.Debug|ARM64.Build.0 = Debug|x64
		{2A22F3E1-5625-474D-9E54-643D62D03855}.Debug|x64.ActiveCfg = Debug|x64
		{2A22F3E1-5625-474D-9E54-643D62D03855}.Debug|x64.Build.0 = Debug|x64
		{2A22F3E1-5625-474D-9E54-643D62D03855}.Debug|x86.ActiveCfg = Debug|x64
		{2A22F3E1-5625-474D-9E54-643D62D03855}.Debug|x86.Build.0 = Debug|x64
		{2A22F3E1-5625-474D-9E54-643D62D03855}.Profile|ARM64.ActiveCfg = Release|x64
		{2A22F3E1-5625-474D-9E54-643D62D03855}.Profile|ARM64.Build.0 = Release|x64
		{2A22F3E1-5625-474D-9E54-643D62D03855}.Profile|x64.ActiveCfg = Release|x64
		{2A22F3E1-5625-474D-9E54-643D62D03855}.Profile|x64.Build.0 = Release|x64
		{2A22F3E1-5625-474D-9E54-643D62D03855}.Profile|x86.ActiveCfg = Release|x64
		{2A22F3E1-5625-474D-9E54-643D62D03855}.Profile|x86.Build.0 = Release|x64
		{2A22F3E1-5625-474D-9E54-643D62D03855}.Release|ARM64.ActiveCfg = Release|x64
		{2A22F3E1-5625-474D-9E54-643D62D03855}.Release|ARM64.Build.0 = Release|x64
		{2A22F3E1-5625-474D-9E54-643D62D03855}.Release|x64.ActiveCfg = Release|x64
		{2A22F3E1-5625-474D-9E54-643D62D03855}.Release|x64.Build.0 = Release|x64
		{2A22F3E1-5625-474D-9E54-643D62D03855}.Release|x86.ActiveCfg = Release|x64
		{2A22F3E1-5625-474D-9E54-643D62D03855}.Release|x86.Build.0 = Release|x64
		{38037A40-2E6E-4A86-81DC-53C1E449EE66}.Debug|ARM64.ActiveCfg = Debug|x64
		{38037A40-2E6E-4A86-81DC-53C1E449EE66}.Debug|ARM64.Build.0 = Debug|x64
		{38037A40-2E6E-4A86-81DC-53C1E449EE66}.Debug|x64.ActiveCfg = Debug|x64
		{38037A40-2E6E-4A86-81DC-53C1E449EE66}.Debug|x64.Build.0 = Debug|x64
		{38037A40-2E6E-4A86-81DC-53C1E449EE66}.Debug|x86.ActiveCfg = Debug|x64
		{38037A40-2E6E-4A86-81DC-53C1E449EE66}.Debug|x86.Build.0 = Debug|x64
		{38037A40-2E6E-4A86-81DC-53C1E449EE66}.Profile|ARM64.ActiveCfg = Release|x64
		{38037A40-2E6E-4A86-81DC-53C1E449EE66}.Profile|ARM64.Build.0 = Release|x64
		{38037A40-2E6E-4A86-81DC-53C1E449EE66}.Profile|x64.ActiveCfg = Release|x64
		{38037A40-2E6E-4A86-81DC-53C1E449EE66}.Profile|x64.Build.0 = Release|x64
		{38037A40-2E6E-4A86-81DC-53C1E449EE66}.Profile|x86.ActiveCfg = Release|x64
		{38037A40-2E6E-4A86-81DC-53C1E449EE66}.Profile|x86.Build.0 = Release|x64
		{38037A40-2E6E-4A86-81DC-53C1E449EE66}.Release|ARM64.ActiveCfg = Release|x64
		{38037A40-2E6E-4A86-81DC-53C1E449EE66}.Release|ARM64.Build.0 = Release|x64
		{38037A40-2E6E-4A86-81DC-53C1E449EE66}.Release|x64.ActiveCfg = Release|x64
		{38037A40-2E6E-4A86-81DC-53C1E449EE66}.Release|x64.Build.0 = Release|x64
		{38037A40-2E6E-4A86-81DC-53C1E449EE66}.Release|x86.ActiveCfg = Release|x64
		{38037A40-2E6E-4A86-81DC-53C1E449EE66}.Release|x86.Build.0 = Release|x64
		{C5E73A20-E54D-4354-9CCF-35BCA509D258}.Debug|ARM64.ActiveCfg = Debug|x64
		{C5E73A20-E54D-4354-9CCF-35BCA509D258}.Debug|ARM64.Build.0 = Debug|x64
		{C5E73A20-E54D-4354-9CCF-35BCA509D258}.Debug|x64.ActiveCfg = Debug|x64
		{C5E73A20-E54D-4354-9CCF-35BCA509D258}.Debug|x64.Build.0 = Debug|x64
		{C5E73A20-E54D-4354-9CCF-35BCA509D258}.Debug|x86.ActiveCfg = Debug|x64
		{C5E73A20-E54D-4354-9CCF-35BCA509D258}.Debug|x86.Build.0 = Debug|x64
		{C5E73A20-E54D-4354-9CCF-35BCA509D258}.Profile|ARM64.ActiveCfg = Release|x64
		{C5E73A20-E54D-4354-9CCF-35BCA509D258}.Profile|ARM64.Build.0 = Release|x64
		{C5E73A20-E54D-4354-9CCF-35BCA509D258}.Profile|x64.ActiveCfg = Release|x64
		{C5E73A20-E54D-4354-9CCF-35BCA509D258}.Profile|x64.Build.0 = Release|x64
		{C5E73A20-E54D-4354-9CCF-35BCA509D258}.Profile|x86.ActiveCfg = Release|x64
		{C5E73A20-E54D-4354-9CCF-35BCA509D258}.Profile|x86.Build.0 = Release|x64
		{C5E73A20-E54D-4354-9CCF-35BCA509D258}.Release|ARM64.ActiveCfg = Release|x64
		{C5E73A20-E54D-4354-9CCF-35BCA509D258}.Release|ARM64.Build.0 = Release|x64
		{C5E73A20-E54D-4354-9CCF-35BCA509D258}.Release|x64.ActiveCfg = Release|x64
		{C5E73A20-E54D-4354-9CCF-35BCA509D258}.Release|x64.Build.0 = Release|x64
		{C5E73A20-E54D-4354-9CCF-35BCA509D258}.Release|x86.ActiveCfg = Release|x64
		{C5E73A20-E54D-4354-9CCF-35BCA509D258}.Release|x86.Build.0 = Release|x64
		{FB1BBD45-2AAD-4058-8366-2AD21C20CA97}.Debug|ARM64.ActiveCfg = Debug|x64
		{FB1BBD45-2AAD-4058-8366-2AD21C20CA97}.Debug|ARM64.Build.0 = Debug|x64
		{FB1BBD45-2AAD-4058-8366-2AD21C20CA97}.Debug|x64.ActiveCfg = Debug|x64
		{FB1BBD45-2AAD-4058-8366-2AD21C20CA97}.Debug|x64.Build.0 = Debug|x64
		{FB1BBD45-2AAD-4058-8366-2AD21C20CA97}.Debug|x86.ActiveCfg = Debug|x64
		{FB1BBD45-2AAD-4058-8366-2AD21C20CA97}.Debug|x86.Build.0 = Debug|x64
		{FB1BBD45-2AAD-4058-8366-2AD21C20CA97}.Profile|ARM64.ActiveCfg = Release|x64
		{FB1BBD45-2AAD-4058-8366-2AD21C20CA97}.Profile|ARM64.Build.0 = Release|x64
		{FB1BBD45-2AAD-4058-8366-2AD21C20CA97}.Profile|x64.ActiveCfg = Release|x64
		{FB1BBD45-2AAD-4058-8366-2AD21C20CA97}.Profile|x64.Build.0 = Release|x64
		{FB1BBD45-2AAD-4058-8366-2AD21C20CA97}.Profile|x86.ActiveCfg = Release|x64
		{FB1BBD45-2AAD-4058-8366-2AD21C20CA97}.Profile|x86.Build.0 = Release|x64
		{FB1BBD45-2AAD-4058-8366-2AD21C20CA97}.Release|ARM64.ActiveCfg = Release|x64
		{FB1BBD45-2AAD-4058-8366-2AD21C20CA97}.Release|ARM64.Build.0 = Release|x64
		{FB1BBD45-2AAD-4058-8366-2AD21C20CA97}.Release|x64.ActiveCfg = Release|x64
		{FB1BBD45-2AAD-4058-8366-2AD21C20CA97}.Release|x64.Build.0 = Release|x64
		{FB1BBD45-2AAD-4058-8366-2AD21C20CA97}.Release|x86.ActiveCfg = Release|x64
		{FB1BBD45-2AAD-4058-8366-2AD21C20CA97}.Release|x86.Build.0 = Release|x64
		{CEBCB785-D316-4AD9-B629-3158B8AB56BB}.Debug|ARM64.ActiveCfg = Debug|x64
		{CEBCB785-D316-4AD9-B629-3158B8AB56BB}.Debug|ARM64.Build.0 = Debug|x64
		{CEBCB785-D316-4AD9-B629-3158B8AB56BB}.Debug|x64.ActiveCfg = Debug|x64
		{CEBCB785-D316-4AD9-B629-3158B8AB56BB}.Debug|x64.Build.0 = Debug|x64
		{CEBCB785-D316-4AD9-B629-3158B8AB56BB}.Debug|x86.ActiveCfg = Debug|x64
		{CEBCB785-D316-4AD9-B629-3158B8AB56BB}.Debug|x86.Build.0 = Debug|x64
		{CEBCB785-D316-4AD9-B629-3158B8AB56BB}.Profile|ARM64.ActiveCfg = Release|x64
		{CEBCB785-D316-4AD9-B629-3158B8AB56BB}.Profile|ARM64.Build.0 = Release|x64
		{CEBCB785-D316-4AD9-B629-3158B8AB56BB}.Profile|x64.ActiveCfg = Release|x64
		{CEBCB785-D316-4AD9-B629-3158B8AB56BB}.Profile|x64.Build.0 = Release|x64
		{CEBCB785-D316-4AD9-B629-3158B8AB56BB}.Profile|x86.ActiveCfg = Release|x64
		{CEBCB785-D316-4AD9-B629-3158B8AB56BB}.Profile|x86.Build.0 = Release|x64
		{CEBCB785-D316-4AD9-B629-3158B8AB56BB}.Release|ARM64.ActiveCfg = Release|x64
		{CEBCB785-D316-4AD9-B629-3158B8AB56BB}.Release|ARM64.Build.0 = Release|x64
		{CEBCB785-D316-4AD9-B629-3158B8AB56BB}.Release|x64.ActiveCfg = Release|x64
		{CEBCB785-D316-4AD9-B629-3158B8AB56BB}.Release|x64.Build.0 = Release|x64
		{CEBCB785-D316-4AD9-B629-3158B8AB56BB}.Release|x86.ActiveCfg = Release|x64
		{CEBCB785-D316-4AD9-B629-3158B8AB56BB}.Release|x86.Build.0 = Release|x64
		{08E559FC-FC3F-470F-BB67-BAC96A6EB904}.Debug|ARM64.ActiveCfg = Debug|Any CPU
		{08E559FC-FC3F-470F-BB67-BAC96A6EB904}.Debug|ARM64.Build.0 = Debug|Any CPU
		{08E559FC-FC3F-470F-BB67-BAC96A6EB904}.Debug|x64.ActiveCfg = Debug|x64
		{08E559FC-FC3F-470F-BB67-BAC96A6EB904}.Debug|x64.Build.0 = Debug|x64
		{08E559FC-FC3F-470F-BB67-BAC96A6EB904}.Debug|x86.ActiveCfg = Debug|Any CPU
		{08E559FC-FC3F-470F-BB67-BAC96A6EB904}.Debug|x86.Build.0 = Debug|Any CPU
		{08E559FC-FC3F-470F-BB67-BAC96A6EB904}.Profile|ARM64.ActiveCfg = Release|Any CPU
		{08E559FC-FC3F-470F-BB67-BAC96A6EB904}.Profile|ARM64.Build.0 = Release|Any CPU
		{08E559FC-FC3F-470F-BB67-BAC96A6EB904}.Profile|x64.ActiveCfg = Release|x64
		{08E559FC-FC3F-470F-BB67-BAC96A6EB904}.Profile|x64.Build.0 = Release|x64
		{08E559FC-FC3F-470F-BB67-BAC96A6EB904}.Profile|x86.ActiveCfg = Release|Any CPU
		{08E559FC-FC3F-470F-BB67-BAC96A6EB904}.Profile|x86.Build.0 = Release|Any CPU
		{08E559FC-FC3F-470F-BB67-BAC96A6EB904}.Release|ARM64.ActiveCfg = Release|Any CPU
		{08E559FC-FC3F-470F-BB67-BAC96A6EB904}.Release|ARM64.Build.0 = Release|Any CPU
		{08E559FC-FC3F-470F-BB67-BAC96A6EB904}.Release|x64.ActiveCfg = Release|x64
		{08E559FC-FC3F-470F-BB67-BAC96A6EB904}.Release|x64.Build.0 = Release|x64
		{08E559FC-FC3F-470F-BB67-BAC96A6EB904}.Release|x86.ActiveCfg = Release|Any CPU
		{08E559FC-FC3F-470F-BB67-BAC96A6EB904}.Release|x86.Build.0 = Release|Any CPU
		{666123C7-1E50-4EE5-9654-E282C24B954F}.Debug|ARM64.ActiveCfg = Debug|x64
		{666123C7-1E50-4EE5-9654-E282C24B954F}.Debug|ARM64.Build.0 = Debug|x64
		{666123C7-1E50-4EE5-9654-E282C24B954F}.Debug|x64.ActiveCfg = Debug|x64
		{666123C7-1E50-4EE5-9654-E282C24B954F}.Debug|x64.Build.0 = Debug|x64
		{666123C7-1E50-4EE5-9654-E282C24B954F}.Debug|x86.ActiveCfg = Debug|Win32
		{666123C7-1E50-4EE5-9654-E282C24B954F}.Debug|x86.Build.0 = Debug|Win32
		{666123C7-1E50-4EE5-9654-E282C24B954F}.Profile|ARM64.ActiveCfg = Release|x64
		{666123C7-1E50-4EE5-9654-E282C24B954F}.Profile|ARM64.Build.0 = Release|x64
		{666123C7-1E50-4EE5-9654-E282C24B954F}.Profile|x64.ActiveCfg = Release|x64
		{666123C7-1E50-4EE5-9654-E282C24B954F}.Profile|x64.Build.0 = Release|x64
		{666123C7-1E50-4EE5-9654-E282C24B954F}.Profile|x86.ActiveCfg = Release|Win32
		{666123C7-1E50-4EE5-9654-E282C24B954F}.Profile|x86.Build.0 = Release|Win32
		{666123C7-1E50-4EE5-9654-E282C24B954F}.Release|ARM64.ActiveCfg = Release|x64
		{666123C7-1E50-4EE5-9654-E282C24B954F}.Release|ARM64.Build.0 = Release|x64
		{666123C7-1E50-4EE5-9654-E282C24B954F}.Release|x64.ActiveCfg = Release|x64
		{666123C7-1E50-4EE5-9654-E282C24B954F}.Release|x64.Build.0 = Release|x64
		{666123C7-1E50-4EE5-9654-E282C24B954F}.Release|x86.ActiveCfg = Release|Win32
		{666123C7-1E50-4EE5-9654-E282C24B954F}.Release|x86.Build.0 = Release|Win32
		{371B9FA9-4C90-4AC6-A123-ACED756D6C77}.Debug|ARM64.ActiveCfg = Debug|ARM64
		{371B9FA9-4C90-4AC6-A123-ACED756D6C77}.Debug|ARM64.Build.0 = Debug|ARM64
		{371B9FA9-4C90-4AC6-A123-ACED756D6C77}.Debug|x64.ActiveCfg = Debug|x64
		{371B9FA9-4C90-4AC6-A123-ACED756D6C77}.Debug|x64.Build.0 = Debug|x64
		{371B9FA9-4C90-4AC6-A123-ACED756D6C77}.Debug|x86.ActiveCfg = Debug|Win32
		{371B9FA9-4C90-4AC6-A123-ACED756D6C77}.Debug|x86.Build.0 = Debug|Win32
		{371B9FA9-4C90-4AC6-A123-ACED756D6C77}.Profile|ARM64.ActiveCfg = Profile|ARM64
		{371B9FA9-4C90-4AC6-A123-ACED756D6C77}.Profile|ARM64.Build.0 = Profile|ARM64
		{371B9FA9-4C90-4AC6-A123-ACED756D6C77}.Profile|x64.ActiveCfg = Profile|x64
		{371B9FA9-4C90-4AC6-A123-ACED756D6C77}.Profile|x64.Build.0 = Profile|x64
		{371B9FA9-4C90-4AC6-A123-ACED756D6C77}.Profile|x86.ActiveCfg = Profile|Win32
		{371B9FA9-4C90-4AC6-A123-ACED756D6C77}.Profile|x86.Build.0 = Profile|Win32
		{371B9FA9-4C90-4AC6-A123-ACED756D6C77}.Release|ARM64.ActiveCfg = Release|ARM64
		{371B9FA9-4C90-4AC6-A123-ACED756D6C77}.Release|ARM64.Build.0 = Release|ARM64
		{371B9FA9-4C90-4AC6-A123-ACED756D6C77}.Release|x64.ActiveCfg = Release|x64
		{371B9FA9-4C90-4AC6-A123-ACED756D6C77}.Release|x64.Build.0 = Release|x64
		{371B9FA9-4C90-4AC6-A123-ACED756D6C77}.Release|x86.ActiveCfg = Release|Win32
		{371B9FA9-4C90-4AC6-A123-ACED756D6C77}.Release|x86.Build.0 = Release|Win32
		{81414CEB-74EA-4324-B841-E261AAFE2492}.Debug|ARM64.ActiveCfg = Debug|x64
		{81414CEB-74EA-4324-B841-E261AAFE2492}.Debug|ARM64.Build.0 = Debug|x64
		{81414CEB-74EA-4324-B841-E261AAFE2492}.Debug|x64.ActiveCfg = Debug|x64
		{81414CEB-74EA-4324-B841-E261AAFE2492}.Debug|x64.Build.0 = Debug|x64
		{81414CEB-74EA-4324-B841-E261AAFE2492}.Debug|x86.ActiveCfg = Debug|Win32
		{81414CEB-74EA-4324-B841-E261AAFE2492}.Debug|x86.Build.0 = Debug|Win32
		{81414CEB-74EA-4324-B841-E261AAFE2492}.Profile|ARM64.ActiveCfg = Debug|x64
		{81414CEB-74EA-4324-B841-E261AAFE2492}.Profile|ARM64.Build.0 = Debug|x64
		{81414CEB-74EA-4324-B841-E261AAFE2492}.Profile|x64.ActiveCfg = Debug|x64
		{81414CEB-74EA-4324-B841-E261AAFE2492}.Profile|x64.Build.0 = Debug|x64
		{81414CEB-74EA-4324-B841-E261AAFE2492}.Profile|x86.ActiveCfg = Debug|Win32
		{81414CEB-74EA-4324-B841-E261AAFE2492}.Profile|x86.Build.0 = Debug|Win32
		{81414CEB-74EA-4324-B841-E261AAFE2492}.Release|ARM64.ActiveCfg = Release|x64
		{81414CEB-74EA-4324-B841-E261AAFE2492}.Release|ARM64.Build.0 = Release|x64
		{81414CEB-74EA-4324-B841-E261AAFE2492}.Release|x64.ActiveCfg = Release|x64
		{81414CEB-74EA-4324-B841-E261AAFE2492}.Release|x64.Build.0 = Release|x64
		{81414CEB-74EA-4324-B841-E261AAFE2492}.Release|x86.ActiveCfg = Release|Win32
		{81414CEB-74EA-4324-B841-E261AAFE2492}.Release|x86.Build.0 = Release|Win32
	EndGlobalSection
	GlobalSection(SolutionProperties) = preSolution
		HideSolutionNode = FALSE
	EndGlobalSection
	GlobalSection(ExtensibilityGlobals) = postSolution
		SolutionGuid = {D3050A23-C09B-4FA2-981C-5904F4A307D3}
	EndGlobalSection
EndGlobal
